
Microsoft Visual Studio Solution File, Format Version 12.00
# Visual Studio Version 17
VisualStudioVersion = 17.0.32112.339
MinimumVisualStudioVersion = 10.0.40219.1
Project("{9A19103F-16F7-4668-BE54-9A1E7A4F7556}") = "UnionGenerator", "UnionGenerator\UnionGenerator.csproj", "{6F2350F4-A538-4948-A9A8-94E8BC2AE342}"
EndProject
Project("{9A19103F-16F7-4668-BE54-9A1E7A4F7556}") = "UnionGenerator.Test", "UnionGenerator.Test\UnionGenerator.Test.csproj", "{C108F137-E3D4-4B14-AFDB-26CC0B698B33}"
EndProject
Global
	GlobalSection(SolutionConfigurationPlatforms) = preSolution
		Debug|Any CPU = Debug|Any CPU
		Release|Any CPU = Release|Any CPU
	EndGlobalSection
	GlobalSection(ProjectConfigurationPlatforms) = postSolution
		{6F2350F4-A538-4948-A9A8-94E8BC2AE342}.Debug|Any CPU.ActiveCfg = Debug|Any CPU
		{6F2350F4-A538-4948-A9A8-94E8BC2AE342}.Debug|Any CPU.Build.0 = Debug|Any CPU
		{6F2350F4-A538-4948-A9A8-94E8BC2AE342}.Release|Any CPU.ActiveCfg = Release|Any CPU
		{6F2350F4-A538-4948-A9A8-94E8BC2AE342}.Release|Any CPU.Build.0 = Release|Any CPU
		{C108F137-E3D4-4B14-AFDB-26CC0B698B33}.Debug|Any CPU.ActiveCfg = Debug|Any CPU
		{C108F137-E3D4-4B14-AFDB-26CC0B698B33}.Debug|Any CPU.Build.0 = Debug|Any CPU
		{C108F137-E3D4-4B14-AFDB-26CC0B698B33}.Release|Any CPU.ActiveCfg = Release|Any CPU
		{C108F137-E3D4-4B14-AFDB-26CC0B698B33}.Release|Any CPU.Build.0 = Release|Any CPU
	EndGlobalSection
	GlobalSection(SolutionProperties) = preSolution
		HideSolutionNode = FALSE
	EndGlobalSection
	GlobalSection(ExtensibilityGlobals) = postSolution
		SolutionGuid = {893683CE-016C-44FE-A62C-948F814D0795}
	EndGlobalSection
EndGlobal
